{
  "name": "nodetest",
  "version": "1.0.0",
  "lockfileVersion": 1,
  "requires": true,
  "dependencies": {
    "qs": {
      "version": "6.7.3",
      "resolved": "https://registry.npmmirror.com/qs/-/qs-6.7.3.tgz",
      "integrity": "sha512-WBoQWf5L/UOLqUj8Mvr4Om7J+ZTCqPbYPHyeLNRS9t9Q3M3/o/9ctpWnlo8yyETPclx7FhH5LidjKKJa9kdSRQ=="
    }
  }
}
